
Microsoft Visual Studio Solution File, Format Version 12.00
# Visual Studio Version 16
VisualStudioVersion = 16.0.29519.87
MinimumVisualStudioVersion = 10.0.40219.1
Project("{9A19103F-16F7-4668-BE54-9A1E7A4F7556}") = "CV", "CV\CV.csproj", "{2C36BAA7-C80C-4BB4-B4ED-AAAA1F290760}"
EndProject
Project("{FAE04EC0-301F-11D3-BF4B-00C04F79EFBC}") = "models", "models\models.csproj", "{399A5EF9-B519-4588-83D9-CBE50FD3E169}"
EndProject
Global
	GlobalSection(SolutionConfigurationPlatforms) = preSolution
		Debug|Any CPU = Debug|Any CPU
		Release|Any CPU = Release|Any CPU
	EndGlobalSection
	GlobalSection(ProjectConfigurationPlatforms) = postSolution
		{2C36BAA7-C80C-4BB4-B4ED-AAAA1F290760}.Debug|Any CPU.ActiveCfg = Debug|Any CPU
		{2C36BAA7-C80C-4BB4-B4ED-AAAA1F290760}.Debug|Any CPU.Build.0 = Debug|Any CPU
		{2C36BAA7-C80C-4BB4-B4ED-AAAA1F290760}.Release|Any CPU.ActiveCfg = Release|Any CPU
		{2C36BAA7-C80C-4BB4-B4ED-AAAA1F290760}.Release|Any CPU.Build.0 = Release|Any CPU
		{399A5EF9-B519-4588-83D9-CBE50FD3E169}.Debug|Any CPU.ActiveCfg = Debug|Any CPU
		{399A5EF9-B519-4588-83D9-CBE50FD3E169}.Debug|Any CPU.Build.0 = Debug|Any CPU
		{399A5EF9-B519-4588-83D9-CBE50FD3E169}.Release|Any CPU.ActiveCfg = Release|Any CPU
		{399A5EF9-B519-4588-83D9-CBE50FD3E169}.Release|Any CPU.Build.0 = Release|Any CPU
	EndGlobalSection
	GlobalSection(SolutionProperties) = preSolution
		HideSolutionNode = FALSE
	EndGlobalSection
	GlobalSection(ExtensibilityGlobals) = postSolution
		SolutionGuid = {A5BC2A38-97AC-44D5-9D99-747910616113}
	EndGlobalSection
EndGlobal
